{
  "name": "@cgoern/ui-directory",
  "version": "0.0.1",
  "lockfileVersion": 3,
  "requires": true,
  "packages": {
    "": {
      "name": "@cgoern/ui-directory",
      "version": "0.0.1",
      "license": "MIT",
      "devDependencies": {
        "@stencil/core": "^4.26.0",
        "prettier": "^3.5.1"
      }
    },
    "node_modules/@stencil/core": {
      "version": "4.27.0",
      "resolved": "https://registry.npmjs.org/@stencil/core/-/core-4.27.0.tgz",
      "integrity": "sha512-GOA+pvSpwL734yijTB8+LHesqPq3o/K6IaCrNoZybNVpe6lgVfvciDwPeP1XOj6JZpA/Lp8Uh3U9znoS8qgwOA==",
      "dev": true,
      "license": "MIT",
      "bin": {
        "stencil": "bin/stencil"
      },
      "engines": {
        "node": ">=16.0.0",
        "npm": ">=7.10.0"
      }
    },
    "node_modules/prettier": {
      "version": "3.5.2",
      "resolved": "https://registry.npmjs.org/prettier/-/prettier-3.5.2.tgz",
      "integrity": "sha512-lc6npv5PH7hVqozBR7lkBNOGXV9vMwROAPlumdBkX0wTbbzPu/U1hk5yL8p2pt4Xoc+2mkT8t/sow2YrV/M5qg==",
      "dev": true,
      "license": "MIT",
      "bin": {
        "prettier": "bin/prettier.cjs"
      },
      "engines": {
        "node": ">=14"
      },
      "funding": {
        "url": "https://github.com/prettier/prettier?sponsor=1"
      }
    }
  }
}
