lockfileVersion: '9.0'

settings:
  autoInstallPeers: true
  excludeLinksFromLockfile: false

importers:

  .:
    devDependencies:
      '@stencil/core':
        specifier: ^4.26.0
        version: 4.27.0
      prettier:
        specifier: ^3.5.1
        version: 3.5.2

packages:

  '@stencil/core@4.27.0':
    resolution: {integrity: sha512-GOA+pvSpwL734yijTB8+LHesqPq3o/K6IaCrNoZybNVpe6lgVfvciDwPeP1XOj6JZpA/Lp8Uh3U9znoS8qgwOA==}
    engines: {node: '>=16.0.0', npm: '>=7.10.0'}
    hasBin: true

  prettier@3.5.2:
    resolution: {integrity: sha512-lc6npv5PH7hVqozBR7lkBNOGXV9vMwROAPlumdBkX0wTbbzPu/U1hk5yL8p2pt4Xoc+2mkT8t/sow2YrV/M5qg==}
    engines: {node: '>=14'}
    hasBin: true

snapshots:

  '@stencil/core@4.27.0': {}

  prettier@3.5.2: {}
